// !$*UTF8*$!
{
	archiveVersion = 1;
	classes = {
	};
	objectVersion = 50;
	objects = {

/* Begin PBXBuildFile section */
		9FC3CC8D26A9636600418EBA /* AppDelegate.swift in Sources */ = {isa = PBXBuildFile; fileRef = 9FC3CC8C26A9636600418EBA /* AppDelegate.swift */; };
		9FC3CC8F26A9636600418EBA /* SceneDelegate.swift in Sources */ = {isa = PBXBuildFile; fileRef = 9FC3CC8E26A9636600418EBA /* SceneDelegate.swift */; };
		9FC3CC9126A9636600418EBA /* ViewController.swift in Sources */ = {isa = PBXBuildFile; fileRef = 9FC3CC9026A9636600418EBA /* ViewController.swift */; };
		9FC3CC9426A9636600418EBA /* Main.storyboard in Resources */ = {isa = PBXBuildFile; fileRef = 9FC3CC9226A9636600418EBA /* Main.storyboard */; };
		9FC3CC9626A9636700418EBA /* Assets.xcassets in Resources */ = {isa = PBXBuildFile; fileRef = 9FC3CC9526A9636700418EBA /* Assets.xcassets */; };
		9FC3CC9926A9636700418EBA /* LaunchScreen.storyboard in Resources */ = {isa = PBXBuildFile; fileRef = 9FC3CC9726A9636700418EBA /* LaunchScreen.storyboard */; };
		9FC3CCA126A963BA00418EBA /* LampViewController.swift in Sources */ = {isa = PBXBuildFile; fileRef = 9FC3CCA026A963B900418EBA /* LampViewController.swift */; };
		9FC3CCA326A9649700418EBA /* EditDeligate.swift in Sources */ = {isa = PBXBuildFile; fileRef = 9FC3CCA226A9649700418EBA /* EditDeligate.swift */; };
/* End PBXBuildFile section */

/* Begin PBXFileReference section */
		9FC3CC8926A9636600418EBA /* Quiz15.app */ = {isa = PBXFileReference; explicitFileType = wrapper.application; includeInIndex = 0; path = Quiz15.app; sourceTree = BUILT_PRODUCTS_DIR; };
		9FC3CC8C26A9636600418EBA /* AppDelegate.swift */ = {isa = PBXFileReference; lastKnownFileType = sourcecode.swift; path = AppDelegate.swift; sourceTree = "<group>"; };
		9FC3CC8E26A9636600418EBA /* SceneDelegate.swift */ = {isa = PBXFileReference; lastKnownFileType = sourcecode.swift; path = SceneDelegate.swift; sourceTree = "<group>"; };
		9FC3CC9026A9636600418EBA /* ViewController.swift */ = {isa = PBXFileReference; lastKnownFileType = sourcecode.swift; path = ViewController.swift; sourceTree = "<group>"; };
		9FC3CC9326A9636600418EBA /* Base */ = {isa = PBXFileReference; lastKnownFileType = file.storyboard; name = Base; path = Base.lproj/Main.storyboard; sourceTree = "<group>"; };
		9FC3CC9526A9636700418EBA /* Assets.xcassets */ = {isa = PBXFileReference; lastKnownFileType = folder.assetcatalog; path = Assets.xcassets; sourceTree = "<group>"; };
		9FC3CC9826A9636700418EBA /* Base */ = {isa = PBXFileReference; lastKnownFileType = file.storyboard; name = Base; path = Base.lproj/LaunchScreen.storyboard; sourceTree = "<group>"; };
		9FC3CC9A26A9636700418EBA /* Info.plist */ = {isa = PBXFileReference; lastKnownFileType = text.plist.xml; path = Info.plist; sourceTree = "<group>"; };
		9FC3CCA026A963B900418EBA /* LampViewController.swift */ = {isa = PBXFileReference; lastKnownFileType = sourcecode.swift; path = LampViewController.swift; sourceTree = "<group>"; };
		9FC3CCA226A9649700418EBA /* EditDeligate.swift */ = {isa = PBXFileReference; lastKnownFileType = sourcecode.swift; path = EditDeligate.swift; sourceTree = "<group>"; };
/* End PBXFileReference section */

/* Begin PBXFrameworksBuildPhase section */
		9FC3CC8626A9636600418EBA /* Frameworks */ = {
			isa = PBXFrameworksBuildPhase;
			buildActionMask = 2147483647;
			files = (
			);
			runOnlyForDeploymentPostprocessing = 0;
		};
/* End PBXFrameworksBuildPhase section */

/* Begin PBXGroup section */
		9FC3CC8026A9636600418EBA = {
			isa = PBXGroup;
			children = (
				9FC3CC8B26A9636600418EBA /* Quiz15 */,
				9FC3CC8A26A9636600418EBA /* Products */,
			);
			sourceTree = "<group>";
		};
		9FC3CC8A26A9636600418EBA /* Products */ = {
			isa = PBXGroup;
			children = (
				9FC3CC8926A9636600418EBA /* Quiz15.app */,
			);
			name = Products;
			sourceTree = "<group>";
		};
		9FC3CC8B26A9636600418EBA /* Quiz15 */ = {
			isa = PBXGroup;
			children = (
				9FC3CC8C26A9636600418EBA /* AppDelegate.swift */,
				9FC3CC8E26A9636600418EBA /* SceneDelegate.swift */,
				9FC3CC9026A9636600418EBA /* ViewController.swift */,
				9FC3CC9226A9636600418EBA /* Main.storyboard */,
				9FC3CC9526A9636700418EBA /* Assets.xcassets */,
				9FC3CC9726A9636700418EBA /* LaunchScreen.storyboard */,
				9FC3CC9A26A9636700418EBA /* Info.plist */,
				9FC3CCA026A963B900418EBA /* LampViewController.swift */,
				9FC3CCA226A9649700418EBA /* EditDeligate.swift */,
			);
			path = Quiz15;
			sourceTree = "<group>";
		};
/* End PBXGroup section */

/* Begin PBXNativeTarget section */
		9FC3CC8826A9636600418EBA /* Quiz15 */ = {
			isa = PBXNativeTarget;
			buildConfigurationList = 9FC3CC9D26A9636700418EBA /* Build configuration list for PBXNativeTarget "Quiz15" */;
			buildPhases = (
				9FC3CC8526A9636600418EBA /* Sources */,
				9FC3CC8626A9636600418EBA /* Frameworks */,
				9FC3CC8726A9636600418EBA /* Resources */,
			);
			buildRules = (
			);
			dependencies = (
			);
			name = Quiz15;
			productName = Quiz15;
			productReference = 9FC3CC8926A9636600418EBA /* Quiz15.app */;
			productType = "com.apple.product-type.application";
		};
/* End PBXNativeTarget section */

/* Begin PBXProject section */
		9FC3CC8126A9636600418EBA /* Project object */ = {
			isa = PBXProject;
			attributes = {
				LastSwiftUpdateCheck = 1250;
				LastUpgradeCheck = 1250;
				TargetAttributes = {
					9FC3CC8826A9636600418EBA = {
						CreatedOnToolsVersion = 12.5.1;
					};
				};
			};
			buildConfigurationList = 9FC3CC8426A9636600418EBA /* Build configuration list for PBXProject "Quiz15" */;
			compatibilityVersion = "Xcode 9.3";
			developmentRegion = en;
			hasScannedForEncodings = 0;
			knownRegions = (
				en,
				Base,
			);
			mainGroup = 9FC3CC8026A9636600418EBA;
			productRefGroup = 9FC3CC8A26A9636600418EBA /* Products */;
			projectDirPath = "";
			projectRoot = "";
			targets = (
				9FC3CC8826A9636600418EBA /* Quiz15 */,
			);
		};
/* End PBXProject section */

/* Begin PBXResourcesBuildPhase section */
		9FC3CC8726A9636600418EBA /* Resources */ = {
			isa = PBXResourcesBuildPhase;
			buildActionMask = 2147483647;
			files = (
				9FC3CC9926A9636700418EBA /* LaunchScreen.storyboard in Resources */,
				9FC3CC9626A9636700418EBA /* Assets.xcassets in Resources */,
				9FC3CC9426A9636600418EBA /* Main.storyboard in Resources */,
			);
			runOnlyForDeploymentPostprocessing = 0;
		};
/* End PBXResourcesBuildPhase section */

/* Begin PBXSourcesBuildPhase section */
		9FC3CC8526A9636600418EBA /* Sources */ = {
			isa = PBXSourcesBuildPhase;
			buildActionMask = 2147483647;
			files = (
				9FC3CCA326A9649700418EBA /* EditDeligate.swift in Sources */,
				9FC3CCA126A963BA00418EBA /* LampViewController.swift in Sources */,
				9FC3CC9126A9636600418EBA /* ViewController.swift in Sources */,
				9FC3CC8D26A9636600418EBA /* AppDelegate.swift in Sources */,
				9FC3CC8F26A9636600418EBA /* SceneDelegate.swift in Sources */,
			);
			runOnlyForDeploymentPostprocessing = 0;
		};
/* End PBXSourcesBuildPhase section */

/* Begin PBXVariantGroup section */
		9FC3CC9226A9636600418EBA /* Main.storyboard */ = {
			isa = PBXVariantGroup;
			children = (
				9FC3CC9326A9636600418EBA /* Base */,
			);
			name = Main.storyboard;
			sourceTree = "<group>";
		};
		9FC3CC9726A9636700418EBA /* LaunchScreen.storyboard */ = {
			isa = PBXVariantGroup;
			children = (
				9FC3CC9826A9636700418EBA /* Base */,
			);
			name = LaunchScreen.storyboard;
			sourceTree = "<group>";
		};
/* End PBXVariantGroup section */

/* Begin XCBuildConfiguration section */
		9FC3CC9B26A9636700418EBA /* Debug */ = {
			isa = XCBuildConfiguration;
			buildSettings = {
				ALWAYS_SEARCH_USER_PATHS = NO;
				CLANG_ANALYZER_NONNULL = YES;
				CLANG_ANALYZER_NUMBER_OBJECT_CONVERSION = YES_AGGRESSIVE;
				CLANG_CXX_LANGUAGE_STANDARD = "gnu++14";
				CLANG_CXX_LIBRARY = "libc++";
				CLANG_ENABLE_MODULES = YES;
				CLANG_ENABLE_OBJC_ARC = YES;
				CLANG_ENABLE_OBJC_WEAK = YES;
				CLANG_WARN_BLOCK_CAPTURE_AUTORELEASING = YES;
				CLANG_WARN_BOOL_CONVERSION = YES;
				CLANG_WARN_COMMA = YES;
				CLANG_WARN_CONSTANT_CONVERSION = YES;
				CLANG_WARN_DEPRECATED_OBJC_IMPLEMENTATIONS = YES;
				CLANG_WARN_DIRECT_OBJC_ISA_USAGE = YES_ERROR;
				CLANG_WARN_DOCUMENTATION_COMMENTS = YES;
				CLANG_WARN_EMPTY_BODY = YES;
				CLANG_WARN_ENUM_CONVERSION = YES;
				CLANG_WARN_INFINITE_RECURSION = YES;
				CLANG_WARN_INT_CONVERSION = YES;
				CLANG_WARN_NON_LITERAL_NULL_CONVERSION = YES;
				CLANG_WARN_OBJC_IMPLICIT_RETAIN_SELF = YES;
				CLANG_WARN_OBJC_LITERAL_CONVERSION = YES;
				CLANG_WARN_OBJC_ROOT_CLASS = YES_ERROR;
				CLANG_WARN_QUOTED_INCLUDE_IN_FRAMEWORK_HEADER = YES;
				CLANG_WARN_RANGE_LOOP_ANALYSIS = YES;
				CLANG_WARN_STRICT_PROTOTYPES = YES;
				CLANG_WARN_SUSPICIOUS_MOVE = YES;
				CLANG_WARN_UNGUARDED_AVAILABILITY = YES_AGGRESSIVE;
				CLANG_WARN_UNREACHABLE_CODE = YES;
				CLANG_WARN__DUPLICATE_METHOD_MATCH = YES;
				COPY_PHASE_STRIP = NO;
				DEBUG_INFORMATION_FORMAT = dwarf;
				ENABLE_STRICT_OBJC_MSGSEND = YES;
				ENABLE_TESTABILITY = YES;
				GCC_C_LANGUAGE_STANDARD = gnu11;
				GCC_DYNAMIC_NO_PIC = NO;
				GCC_NO_COMMON_BLOCKS = YES;
				GCC_OPTIMIZATION_LEVEL = 0;
				GCC_PREPROCESSOR_DEFINITIONS = (
					"DEBUG=1",
					"$(inherited)",
				);
				GCC_WARN_64_TO_32_BIT_CONVERSION = YES;
				GCC_WARN_ABOUT_RETURN_TYPE = YES_ERROR;
				GCC_WARN_UNDECLARED_SELECTOR = YES;
				GCC_WARN_UNINITIALIZED_AUTOS = YES_AGGRESSIVE;
				GCC_WARN_UNUSED_FUNCTION = YES;
				GCC_WARN_UNUSED_VARIABLE = YES;
				IPHONEOS_DEPLOYMENT_TARGET = 14.5;
				MTL_ENABLE_DEBUG_INFO = INCLUDE_SOURCE;
				MTL_FAST_MATH = YES;
				ONLY_ACTIVE_ARCH = YES;
				SDKROOT = iphoneos;
				SWIFT_ACTIVE_COMPILATION_CONDITIONS = DEBUG;
				SWIFT_OPTIMIZATION_LEVEL = "-Onone";
			};
			name = Debug;
		};
		9FC3CC9C26A9636700418EBA /* Release */ = {
			isa = XCBuildConfiguration;
			buildSettings = {
				ALWAYS_SEARCH_USER_PATHS = NO;
				CLANG_ANALYZER_NONNULL = YES;
				CLANG_ANALYZER_NUMBER_OBJECT_CONVERSION = YES_AGGRESSIVE;
				CLANG_CXX_LANGUAGE_STANDARD = "gnu++14";
				CLANG_CXX_LIBRARY = "libc++";
				CLANG_ENABLE_MODULES = YES;
				CLANG_ENABLE_OBJC_ARC = YES;
				CLANG_ENABLE_OBJC_WEAK = YES;
				CLANG_WARN_BLOCK_CAPTURE_AUTORELEASING = YES;
				CLANG_WARN_BOOL_CONVERSION = YES;
				CLANG_WARN_COMMA = YES;
				CLANG_WARN_CONSTANT_CONVERSION = YES;
				CLANG_WARN_DEPRECATED_OBJC_IMPLEMENTATIONS = YES;
				CLANG_WARN_DIRECT_OBJC_ISA_USAGE = YES_ERROR;
				CLANG_WARN_DOCUMENTATION_COMMENTS = YES;
				CLANG_WARN_EMPTY_BODY = YES;
				CLANG_WARN_ENUM_CONVERSION = YES;
				CLANG_WARN_INFINITE_RECURSION = YES;
				CLANG_WARN_INT_CONVERSION = YES;
				CLANG_WARN_NON_LITERAL_NULL_CONVERSION = YES;
				CLANG_WARN_OBJC_IMPLICIT_RETAIN_SELF = YES;
				CLANG_WARN_OBJC_LITERAL_CONVERSION = YES;
				CLANG_WARN_OBJC_ROOT_CLASS = YES_ERROR;
				CLANG_WARN_QUOTED_INCLUDE_IN_FRAMEWORK_HEADER = YES;
				CLANG_WARN_RANGE_LOOP_ANALYSIS = YES;
				CLANG_WARN_STRICT_PROTOTYPES = YES;
				CLANG_WARN_SUSPICIOUS_MOVE = YES;
				CLANG_WARN_UNGUARDED_AVAILABILITY = YES_AGGRESSIVE;
				CLANG_WARN_UNREACHABLE_CODE = YES;
				CLANG_WARN__DUPLICATE_METHOD_MATCH = YES;
				COPY_PHASE_STRIP = NO;
				DEBUG_INFORMATION_FORMAT = "dwarf-with-dsym";
				ENABLE_NS_ASSERTIONS = NO;
				ENABLE_STRICT_OBJC_MSGSEND = YES;
				GCC_C_LANGUAGE_STANDARD = gnu11;
				GCC_NO_COMMON_BLOCKS = YES;
				GCC_WARN_64_TO_32_BIT_CONVERSION = YES;
				GCC_WARN_ABOUT_RETURN_TYPE = YES_ERROR;
				GCC_WARN_UNDECLARED_SELECTOR = YES;
				GCC_WARN_UNINITIALIZED_AUTOS = YES_AGGRESSIVE;
				GCC_WARN_UNUSED_FUNCTION = YES;
				GCC_WARN_UNUSED_VARIABLE = YES;
				IPHONEOS_DEPLOYMENT_TARGET = 14.5;
				MTL_ENABLE_DEBUG_INFO = NO;
				MTL_FAST_MATH = YES;
				SDKROOT = iphoneos;
				SWIFT_COMPILATION_MODE = wholemodule;
				SWIFT_OPTIMIZATION_LEVEL = "-O";
				VALIDATE_PRODUCT = YES;
			};
			name = Release;
		};
		9FC3CC9E26A9636700418EBA /* Debug */ = {
			isa = XCBuildConfiguration;
			buildSettings = {
				ASSETCATALOG_COMPILER_APPICON_NAME = AppIcon;
				ASSETCATALOG_COMPILER_GLOBAL_ACCENT_COLOR_NAME = AccentColor;
				CODE_SIGN_STYLE = Automatic;
				INFOPLIST_FILE = Quiz15/Info.plist;
				LD_RUNPATH_SEARCH_PATHS = (
					"$(inherited)",
					"@executable_path/Frameworks",
				);
				PRODUCT_BUNDLE_IDENTIFIER = com.swiftlec.Quiz15;
				PRODUCT_NAME = "$(TARGET_NAME)";
				SWIFT_VERSION = 5.0;
				TARGETED_DEVICE_FAMILY = "1,2";
			};
			name = Debug;
		};
		9FC3CC9F26A9636700418EBA /* Release */ = {
			isa = XCBuildConfiguration;
			buildSettings = {
				ASSETCATALOG_COMPILER_APPICON_NAME = AppIcon;
				ASSETCATALOG_COMPILER_GLOBAL_ACCENT_COLOR_NAME = AccentColor;
				CODE_SIGN_STYLE = Automatic;
				INFOPLIST_FILE = Quiz15/Info.plist;
				LD_RUNPATH_SEARCH_PATHS = (
					"$(inherited)",
					"@executable_path/Frameworks",
				);
				PRODUCT_BUNDLE_IDENTIFIER = com.swiftlec.Quiz15;
				PRODUCT_NAME = "$(TARGET_NAME)";
				SWIFT_VERSION = 5.0;
				TARGETED_DEVICE_FAMILY = "1,2";
			};
			name = Release;
		};
/* End XCBuildConfiguration section */

/* Begin XCConfigurationList section */
		9FC3CC8426A9636600418EBA /* Build configuration list for PBXProject "Quiz15" */ = {
			isa = XCConfigurationList;
			buildConfigurations = (
				9FC3CC9B26A9636700418EBA /* Debug */,
				9FC3CC9C26A9636700418EBA /* Release */,
			);
			defaultConfigurationIsVisible = 0;
			defaultConfigurationName = Release;
		};
		9FC3CC9D26A9636700418EBA /* Build configuration list for PBXNativeTarget "Quiz15" */ = {
			isa = XCConfigurationList;
			buildConfigurations = (
				9FC3CC9E26A9636700418EBA /* Debug */,
				9FC3CC9F26A9636700418EBA /* Release */,
			);
			defaultConfigurationIsVisible = 0;
			defaultConfigurationName = Release;
		};
/* End XCConfigurationList section */
	};
	rootObject = 9FC3CC8126A9636600418EBA /* Project object */;
}
