// !$*UTF8*$!
{
	archiveVersion = 1;
	classes = {
	};
	objectVersion = 50;
	objects = {

/* Begin PBXBuildFile section */
		ED060EF926A15A7100CC69DE /* AppDelegate.swift in Sources */ = {isa = PBXBuildFile; fileRef = ED060EF826A15A7100CC69DE /* AppDelegate.swift */; };
		ED060EFB26A15A7100CC69DE /* SceneDelegate.swift in Sources */ = {isa = PBXBuildFile; fileRef = ED060EFA26A15A7100CC69DE /* SceneDelegate.swift */; };
		ED060EFD26A15A7100CC69DE /* ViewController.swift in Sources */ = {isa = PBXBuildFile; fileRef = ED060EFC26A15A7100CC69DE /* ViewController.swift */; };
		ED060F0026A15A7100CC69DE /* Main.storyboard in Resources */ = {isa = PBXBuildFile; fileRef = ED060EFE26A15A7100CC69DE /* Main.storyboard */; };
		ED060F0226A15A7300CC69DE /* Assets.xcassets in Resources */ = {isa = PBXBuildFile; fileRef = ED060F0126A15A7300CC69DE /* Assets.xcassets */; };
		ED060F0526A15A7300CC69DE /* LaunchScreen.storyboard in Resources */ = {isa = PBXBuildFile; fileRef = ED060F0326A15A7300CC69DE /* LaunchScreen.storyboard */; };
/* End PBXBuildFile section */

/* Begin PBXFileReference section */
		ED060EF526A15A7100CC69DE /* Quiz08_PointCalculation.app */ = {isa = PBXFileReference; explicitFileType = wrapper.application; includeInIndex = 0; path = Quiz08_PointCalculation.app; sourceTree = BUILT_PRODUCTS_DIR; };
		ED060EF826A15A7100CC69DE /* AppDelegate.swift */ = {isa = PBXFileReference; lastKnownFileType = sourcecode.swift; path = AppDelegate.swift; sourceTree = "<group>"; };
		ED060EFA26A15A7100CC69DE /* SceneDelegate.swift */ = {isa = PBXFileReference; lastKnownFileType = sourcecode.swift; path = SceneDelegate.swift; sourceTree = "<group>"; };
		ED060EFC26A15A7100CC69DE /* ViewController.swift */ = {isa = PBXFileReference; lastKnownFileType = sourcecode.swift; path = ViewController.swift; sourceTree = "<group>"; };
		ED060EFF26A15A7100CC69DE /* Base */ = {isa = PBXFileReference; lastKnownFileType = file.storyboard; name = Base; path = Base.lproj/Main.storyboard; sourceTree = "<group>"; };
		ED060F0126A15A7300CC69DE /* Assets.xcassets */ = {isa = PBXFileReference; lastKnownFileType = folder.assetcatalog; path = Assets.xcassets; sourceTree = "<group>"; };
		ED060F0426A15A7300CC69DE /* Base */ = {isa = PBXFileReference; lastKnownFileType = file.storyboard; name = Base; path = Base.lproj/LaunchScreen.storyboard; sourceTree = "<group>"; };
		ED060F0626A15A7300CC69DE /* Info.plist */ = {isa = PBXFileReference; lastKnownFileType = text.plist.xml; path = Info.plist; sourceTree = "<group>"; };
/* End PBXFileReference section */

/* Begin PBXFrameworksBuildPhase section */
		ED060EF226A15A7100CC69DE /* Frameworks */ = {
			isa = PBXFrameworksBuildPhase;
			buildActionMask = 2147483647;
			files = (
			);
			runOnlyForDeploymentPostprocessing = 0;
		};
/* End PBXFrameworksBuildPhase section */

/* Begin PBXGroup section */
		ED060EEC26A15A7100CC69DE = {
			isa = PBXGroup;
			children = (
				ED060EF726A15A7100CC69DE /* Quiz08_PointCalculation */,
				ED060EF626A15A7100CC69DE /* Products */,
			);
			sourceTree = "<group>";
		};
		ED060EF626A15A7100CC69DE /* Products */ = {
			isa = PBXGroup;
			children = (
				ED060EF526A15A7100CC69DE /* Quiz08_PointCalculation.app */,
			);
			name = Products;
			sourceTree = "<group>";
		};
		ED060EF726A15A7100CC69DE /* Quiz08_PointCalculation */ = {
			isa = PBXGroup;
			children = (
				ED060EF826A15A7100CC69DE /* AppDelegate.swift */,
				ED060EFA26A15A7100CC69DE /* SceneDelegate.swift */,
				ED060EFC26A15A7100CC69DE /* ViewController.swift */,
				ED060EFE26A15A7100CC69DE /* Main.storyboard */,
				ED060F0126A15A7300CC69DE /* Assets.xcassets */,
				ED060F0326A15A7300CC69DE /* LaunchScreen.storyboard */,
				ED060F0626A15A7300CC69DE /* Info.plist */,
			);
			path = Quiz08_PointCalculation;
			sourceTree = "<group>";
		};
/* End PBXGroup section */

/* Begin PBXNativeTarget section */
		ED060EF426A15A7100CC69DE /* Quiz08_PointCalculation */ = {
			isa = PBXNativeTarget;
			buildConfigurationList = ED060F0926A15A7300CC69DE /* Build configuration list for PBXNativeTarget "Quiz08_PointCalculation" */;
			buildPhases = (
				ED060EF126A15A7100CC69DE /* Sources */,
				ED060EF226A15A7100CC69DE /* Frameworks */,
				ED060EF326A15A7100CC69DE /* Resources */,
			);
			buildRules = (
			);
			dependencies = (
			);
			name = Quiz08_PointCalculation;
			productName = Quiz08_PointCalculation;
			productReference = ED060EF526A15A7100CC69DE /* Quiz08_PointCalculation.app */;
			productType = "com.apple.product-type.application";
		};
/* End PBXNativeTarget section */

/* Begin PBXProject section */
		ED060EED26A15A7100CC69DE /* Project object */ = {
			isa = PBXProject;
			attributes = {
				LastSwiftUpdateCheck = 1250;
				LastUpgradeCheck = 1250;
				TargetAttributes = {
					ED060EF426A15A7100CC69DE = {
						CreatedOnToolsVersion = 12.5.1;
					};
				};
			};
			buildConfigurationList = ED060EF026A15A7100CC69DE /* Build configuration list for PBXProject "Quiz08_PointCalculation" */;
			compatibilityVersion = "Xcode 9.3";
			developmentRegion = en;
			hasScannedForEncodings = 0;
			knownRegions = (
				en,
				Base,
			);
			mainGroup = ED060EEC26A15A7100CC69DE;
			productRefGroup = ED060EF626A15A7100CC69DE /* Products */;
			projectDirPath = "";
			projectRoot = "";
			targets = (
				ED060EF426A15A7100CC69DE /* Quiz08_PointCalculation */,
			);
		};
/* End PBXProject section */

/* Begin PBXResourcesBuildPhase section */
		ED060EF326A15A7100CC69DE /* Resources */ = {
			isa = PBXResourcesBuildPhase;
			buildActionMask = 2147483647;
			files = (
				ED060F0526A15A7300CC69DE /* LaunchScreen.storyboard in Resources */,
				ED060F0226A15A7300CC69DE /* Assets.xcassets in Resources */,
				ED060F0026A15A7100CC69DE /* Main.storyboard in Resources */,
			);
			runOnlyForDeploymentPostprocessing = 0;
		};
/* End PBXResourcesBuildPhase section */

/* Begin PBXSourcesBuildPhase section */
		ED060EF126A15A7100CC69DE /* Sources */ = {
			isa = PBXSourcesBuildPhase;
			buildActionMask = 2147483647;
			files = (
				ED060EFD26A15A7100CC69DE /* ViewController.swift in Sources */,
				ED060EF926A15A7100CC69DE /* AppDelegate.swift in Sources */,
				ED060EFB26A15A7100CC69DE /* SceneDelegate.swift in Sources */,
			);
			runOnlyForDeploymentPostprocessing = 0;
		};
/* End PBXSourcesBuildPhase section */

/* Begin PBXVariantGroup section */
		ED060EFE26A15A7100CC69DE /* Main.storyboard */ = {
			isa = PBXVariantGroup;
			children = (
				ED060EFF26A15A7100CC69DE /* Base */,
			);
			name = Main.storyboard;
			sourceTree = "<group>";
		};
		ED060F0326A15A7300CC69DE /* LaunchScreen.storyboard */ = {
			isa = PBXVariantGroup;
			children = (
				ED060F0426A15A7300CC69DE /* Base */,
			);
			name = LaunchScreen.storyboard;
			sourceTree = "<group>";
		};
/* End PBXVariantGroup section */

/* Begin XCBuildConfiguration section */
		ED060F0726A15A7300CC69DE /* Debug */ = {
			isa = XCBuildConfiguration;
			buildSettings = {
				ALWAYS_SEARCH_USER_PATHS = NO;
				CLANG_ANALYZER_NONNULL = YES;
				CLANG_ANALYZER_NUMBER_OBJECT_CONVERSION = YES_AGGRESSIVE;
				CLANG_CXX_LANGUAGE_STANDARD = "gnu++14";
				CLANG_CXX_LIBRARY = "libc++";
				CLANG_ENABLE_MODULES = YES;
				CLANG_ENABLE_OBJC_ARC = YES;
				CLANG_ENABLE_OBJC_WEAK = YES;
				CLANG_WARN_BLOCK_CAPTURE_AUTORELEASING = YES;
				CLANG_WARN_BOOL_CONVERSION = YES;
				CLANG_WARN_COMMA = YES;
				CLANG_WARN_CONSTANT_CONVERSION = YES;
				CLANG_WARN_DEPRECATED_OBJC_IMPLEMENTATIONS = YES;
				CLANG_WARN_DIRECT_OBJC_ISA_USAGE = YES_ERROR;
				CLANG_WARN_DOCUMENTATION_COMMENTS = YES;
				CLANG_WARN_EMPTY_BODY = YES;
				CLANG_WARN_ENUM_CONVERSION = YES;
				CLANG_WARN_INFINITE_RECURSION = YES;
				CLANG_WARN_INT_CONVERSION = YES;
				CLANG_WARN_NON_LITERAL_NULL_CONVERSION = YES;
				CLANG_WARN_OBJC_IMPLICIT_RETAIN_SELF = YES;
				CLANG_WARN_OBJC_LITERAL_CONVERSION = YES;
				CLANG_WARN_OBJC_ROOT_CLASS = YES_ERROR;
				CLANG_WARN_QUOTED_INCLUDE_IN_FRAMEWORK_HEADER = YES;
				CLANG_WARN_RANGE_LOOP_ANALYSIS = YES;
				CLANG_WARN_STRICT_PROTOTYPES = YES;
				CLANG_WARN_SUSPICIOUS_MOVE = YES;
				CLANG_WARN_UNGUARDED_AVAILABILITY = YES_AGGRESSIVE;
				CLANG_WARN_UNREACHABLE_CODE = YES;
				CLANG_WARN__DUPLICATE_METHOD_MATCH = YES;
				COPY_PHASE_STRIP = NO;
				DEBUG_INFORMATION_FORMAT = dwarf;
				ENABLE_STRICT_OBJC_MSGSEND = YES;
				ENABLE_TESTABILITY = YES;
				GCC_C_LANGUAGE_STANDARD = gnu11;
				GCC_DYNAMIC_NO_PIC = NO;
				GCC_NO_COMMON_BLOCKS = YES;
				GCC_OPTIMIZATION_LEVEL = 0;
				GCC_PREPROCESSOR_DEFINITIONS = (
					"DEBUG=1",
					"$(inherited)",
				);
				GCC_WARN_64_TO_32_BIT_CONVERSION = YES;
				GCC_WARN_ABOUT_RETURN_TYPE = YES_ERROR;
				GCC_WARN_UNDECLARED_SELECTOR = YES;
				GCC_WARN_UNINITIALIZED_AUTOS = YES_AGGRESSIVE;
				GCC_WARN_UNUSED_FUNCTION = YES;
				GCC_WARN_UNUSED_VARIABLE = YES;
				IPHONEOS_DEPLOYMENT_TARGET = 14.5;
				MTL_ENABLE_DEBUG_INFO = INCLUDE_SOURCE;
				MTL_FAST_MATH = YES;
				ONLY_ACTIVE_ARCH = YES;
				SDKROOT = iphoneos;
				SWIFT_ACTIVE_COMPILATION_CONDITIONS = DEBUG;
				SWIFT_OPTIMIZATION_LEVEL = "-Onone";
			};
			name = Debug;
		};
		ED060F0826A15A7300CC69DE /* Release */ = {
			isa = XCBuildConfiguration;
			buildSettings = {
				ALWAYS_SEARCH_USER_PATHS = NO;
				CLANG_ANALYZER_NONNULL = YES;
				CLANG_ANALYZER_NUMBER_OBJECT_CONVERSION = YES_AGGRESSIVE;
				CLANG_CXX_LANGUAGE_STANDARD = "gnu++14";
				CLANG_CXX_LIBRARY = "libc++";
				CLANG_ENABLE_MODULES = YES;
				CLANG_ENABLE_OBJC_ARC = YES;
				CLANG_ENABLE_OBJC_WEAK = YES;
				CLANG_WARN_BLOCK_CAPTURE_AUTORELEASING = YES;
				CLANG_WARN_BOOL_CONVERSION = YES;
				CLANG_WARN_COMMA = YES;
				CLANG_WARN_CONSTANT_CONVERSION = YES;
				CLANG_WARN_DEPRECATED_OBJC_IMPLEMENTATIONS = YES;
				CLANG_WARN_DIRECT_OBJC_ISA_USAGE = YES_ERROR;
				CLANG_WARN_DOCUMENTATION_COMMENTS = YES;
				CLANG_WARN_EMPTY_BODY = YES;
				CLANG_WARN_ENUM_CONVERSION = YES;
				CLANG_WARN_INFINITE_RECURSION = YES;
				CLANG_WARN_INT_CONVERSION = YES;
				CLANG_WARN_NON_LITERAL_NULL_CONVERSION = YES;
				CLANG_WARN_OBJC_IMPLICIT_RETAIN_SELF = YES;
				CLANG_WARN_OBJC_LITERAL_CONVERSION = YES;
				CLANG_WARN_OBJC_ROOT_CLASS = YES_ERROR;
				CLANG_WARN_QUOTED_INCLUDE_IN_FRAMEWORK_HEADER = YES;
				CLANG_WARN_RANGE_LOOP_ANALYSIS = YES;
				CLANG_WARN_STRICT_PROTOTYPES = YES;
				CLANG_WARN_SUSPICIOUS_MOVE = YES;
				CLANG_WARN_UNGUARDED_AVAILABILITY = YES_AGGRESSIVE;
				CLANG_WARN_UNREACHABLE_CODE = YES;
				CLANG_WARN__DUPLICATE_METHOD_MATCH = YES;
				COPY_PHASE_STRIP = NO;
				DEBUG_INFORMATION_FORMAT = "dwarf-with-dsym";
				ENABLE_NS_ASSERTIONS = NO;
				ENABLE_STRICT_OBJC_MSGSEND = YES;
				GCC_C_LANGUAGE_STANDARD = gnu11;
				GCC_NO_COMMON_BLOCKS = YES;
				GCC_WARN_64_TO_32_BIT_CONVERSION = YES;
				GCC_WARN_ABOUT_RETURN_TYPE = YES_ERROR;
				GCC_WARN_UNDECLARED_SELECTOR = YES;
				GCC_WARN_UNINITIALIZED_AUTOS = YES_AGGRESSIVE;
				GCC_WARN_UNUSED_FUNCTION = YES;
				GCC_WARN_UNUSED_VARIABLE = YES;
				IPHONEOS_DEPLOYMENT_TARGET = 14.5;
				MTL_ENABLE_DEBUG_INFO = NO;
				MTL_FAST_MATH = YES;
				SDKROOT = iphoneos;
				SWIFT_COMPILATION_MODE = wholemodule;
				SWIFT_OPTIMIZATION_LEVEL = "-O";
				VALIDATE_PRODUCT = YES;
			};
			name = Release;
		};
		ED060F0A26A15A7300CC69DE /* Debug */ = {
			isa = XCBuildConfiguration;
			buildSettings = {
				ASSETCATALOG_COMPILER_APPICON_NAME = AppIcon;
				ASSETCATALOG_COMPILER_GLOBAL_ACCENT_COLOR_NAME = AccentColor;
				CODE_SIGN_STYLE = Automatic;
				DEVELOPMENT_TEAM = 32FXV46SD8;
				INFOPLIST_FILE = Quiz08_PointCalculation/Info.plist;
				LD_RUNPATH_SEARCH_PATHS = (
					"$(inherited)",
					"@executable_path/Frameworks",
				);
				PRODUCT_BUNDLE_IDENTIFIER = "Quiz08-PointCalculation.Quiz08-PointCalculation";
				PRODUCT_NAME = "$(TARGET_NAME)";
				SWIFT_VERSION = 5.0;
				TARGETED_DEVICE_FAMILY = "1,2";
			};
			name = Debug;
		};
		ED060F0B26A15A7300CC69DE /* Release */ = {
			isa = XCBuildConfiguration;
			buildSettings = {
				ASSETCATALOG_COMPILER_APPICON_NAME = AppIcon;
				ASSETCATALOG_COMPILER_GLOBAL_ACCENT_COLOR_NAME = AccentColor;
				CODE_SIGN_STYLE = Automatic;
				DEVELOPMENT_TEAM = 32FXV46SD8;
				INFOPLIST_FILE = Quiz08_PointCalculation/Info.plist;
				LD_RUNPATH_SEARCH_PATHS = (
					"$(inherited)",
					"@executable_path/Frameworks",
				);
				PRODUCT_BUNDLE_IDENTIFIER = "Quiz08-PointCalculation.Quiz08-PointCalculation";
				PRODUCT_NAME = "$(TARGET_NAME)";
				SWIFT_VERSION = 5.0;
				TARGETED_DEVICE_FAMILY = "1,2";
			};
			name = Release;
		};
/* End XCBuildConfiguration section */

/* Begin XCConfigurationList section */
		ED060EF026A15A7100CC69DE /* Build configuration list for PBXProject "Quiz08_PointCalculation" */ = {
			isa = XCConfigurationList;
			buildConfigurations = (
				ED060F0726A15A7300CC69DE /* Debug */,
				ED060F0826A15A7300CC69DE /* Release */,
			);
			defaultConfigurationIsVisible = 0;
			defaultConfigurationName = Release;
		};
		ED060F0926A15A7300CC69DE /* Build configuration list for PBXNativeTarget "Quiz08_PointCalculation" */ = {
			isa = XCConfigurationList;
			buildConfigurations = (
				ED060F0A26A15A7300CC69DE /* Debug */,
				ED060F0B26A15A7300CC69DE /* Release */,
			);
			defaultConfigurationIsVisible = 0;
			defaultConfigurationName = Release;
		};
/* End XCConfigurationList section */
	};
	rootObject = ED060EED26A15A7100CC69DE /* Project object */;
}
